# This file was autogenerated by Stack.
# You should not edit this file by hand.
# For more information, please see the documentation at:
#   https://docs.haskellstack.org/en/stable/lock_files

packages:
- completed:
    hackage: Interpolation-0.3.0@sha256:b0381214e6036ed2b6a0a04b7e4ec89736ca531ef03e315a3ec2c494059ff8fb,1319
    pantry-tree:
      size: 226
      sha256: 1752aba83686801ae9f93c293a5555e4f694c2472a3c880ad9f05b7a05033a3c
  original:
    hackage: Interpolation-0.3.0@sha256:b0381214e6036ed2b6a0a04b7e4ec89736ca531ef03e315a3ec2c494059ff8fb,1319
- completed:
    hackage: natural-numbers-0.1.2.0@sha256:0fcbe1220979b83fa612fca73a1adb1a99ff43c84f9652b3ff32b2323309b43c,1407
    pantry-tree:
      size: 220
      sha256: bd4beb677280f4586265c5657ab4e4a599c16f9e624df43d8edda6bf1e46dcdf
  original:
    hackage: natural-numbers-0.1.2.0@sha256:0fcbe1220979b83fa612fca73a1adb1a99ff43c84f9652b3ff32b2323309b43c,1407
- completed:
    hackage: parsec3-numbers-0.1.0@sha256:2f32295f9f4023f7f97da851549aaaf5e72866e98bf016a1ac3c6e8715bbaf8a,685
    pantry-tree:
      size: 264
      sha256: a3d23f56cc2a9d17ed24ac5119a7b2102d40c0afeed5271f6b41b7597f181df0
  original:
    hackage: parsec3-numbers-0.1.0@sha256:2f32295f9f4023f7f97da851549aaaf5e72866e98bf016a1ac3c6e8715bbaf8a,685
snapshots:
- completed:
    size: 586296
    url: https://raw.githubusercontent.com/commercialhaskell/stackage-snapshots/master/lts/18/18.yaml
    sha256: 63539429076b7ebbab6daa7656cfb079393bf644971156dc349d7c0453694ac2
  original: lts-18.18
