# This file was autogenerated by Stack.
# You should not edit this file by hand.
# For more information, please see the documentation at:
#   https://docs.haskellstack.org/en/stable/lock_files

packages:
- completed:
    hackage: Interpolation-0.3.0@sha256:b0381214e6036ed2b6a0a04b7e4ec89736ca531ef03e315a3ec2c494059ff8fb,1319
    pantry-tree:
      sha256: 1752aba83686801ae9f93c293a5555e4f694c2472a3c880ad9f05b7a05033a3c
      size: 226
  original:
    hackage: Interpolation-0.3.0@sha256:b0381214e6036ed2b6a0a04b7e4ec89736ca531ef03e315a3ec2c494059ff8fb,1319
- completed:
    hackage: natural-numbers-0.1.2.0@sha256:0fcbe1220979b83fa612fca73a1adb1a99ff43c84f9652b3ff32b2323309b43c,1407
    pantry-tree:
      sha256: bd4beb677280f4586265c5657ab4e4a599c16f9e624df43d8edda6bf1e46dcdf
      size: 220
  original:
    hackage: natural-numbers-0.1.2.0@sha256:0fcbe1220979b83fa612fca73a1adb1a99ff43c84f9652b3ff32b2323309b43c,1407
- completed:
    hackage: parsec3-numbers-0.1.0@sha256:2f32295f9f4023f7f97da851549aaaf5e72866e98bf016a1ac3c6e8715bbaf8a,685
    pantry-tree:
      sha256: a3d23f56cc2a9d17ed24ac5119a7b2102d40c0afeed5271f6b41b7597f181df0
      size: 264
  original:
    hackage: parsec3-numbers-0.1.0@sha256:2f32295f9f4023f7f97da851549aaaf5e72866e98bf016a1ac3c6e8715bbaf8a,685
- completed:
    hackage: lens-aeson-1.2.2@sha256:9a90da3716f0148b14e036b52091192bcd567754b157d66dd225945f04ace0f9,1611
    pantry-tree:
      sha256: 66108c0406cf667ab583b0903ed98f5252e7fb62fef55ecaa023ccdb01153b02
      size: 541
  original:
    hackage: lens-aeson-1.2.2
snapshots:
- completed:
    sha256: a2cbcd2f37010a64c4ef74c21fd7e55982a07b49840d2bed306f9bac9981a9c3
    size: 648420
    url: https://raw.githubusercontent.com/commercialhaskell/stackage-snapshots/master/lts/20/0.yaml
  original: lts-20.0
